
Microsoft Visual Studio Solution File, Format Version 12.00
# Visual Studio Version 17
VisualStudioVersion = 17.2.32630.192
MinimumVisualStudioVersion = 10.0.40219.1
Project("{FAE04EC0-301F-11D3-BF4B-00C04F79EFBC}") = "Image64", "Image64\Image64.csproj", "{0E76B289-9970-4975-A985-65D6E5103BDB}"
EndProject
Global
	GlobalSection(SolutionConfigurationPlatforms) = preSolution
		Debug|Any CPU = Debug|Any CPU
		Release|Any CPU = Release|Any CPU
	EndGlobalSection
	GlobalSection(ProjectConfigurationPlatforms) = postSolution
		{0E76B289-9970-4975-A985-65D6E5103BDB}.Debug|Any CPU.ActiveCfg = Debug|Any CPU
		{0E76B289-9970-4975-A985-65D6E5103BDB}.Debug|Any CPU.Build.0 = Debug|Any CPU
		{0E76B289-9970-4975-A985-65D6E5103BDB}.Release|Any CPU.ActiveCfg = Release|Any CPU
		{0E76B289-9970-4975-A985-65D6E5103BDB}.Release|Any CPU.Build.0 = Release|Any CPU
	EndGlobalSection
	GlobalSection(SolutionProperties) = preSolution
		HideSolutionNode = FALSE
	EndGlobalSection
	GlobalSection(ExtensibilityGlobals) = postSolution
		SolutionGuid = {430DEA69-5FA3-4A87-839E-D7E3AEB6E7D2}
	EndGlobalSection
EndGlobal
